
Microsoft Visual Studio Solution File, Format Version 12.00
# Visual Studio Version 16
VisualStudioVersion = 25.0.1703.8
MinimumVisualStudioVersion = 10.0.40219.1
Project("{FAE04EC0-301F-11D3-BF4B-00C04F79EFBC}") = "ksbnet_api_v1", "ksbnet_api_v1\ksbnet_api_v1.csproj", "{740EB83E-4399-4AD3-AADC-635A777ACFE2}"
EndProject
Global
	GlobalSection(SolutionConfigurationPlatforms) = preSolution
		Debug|Any CPU = Debug|Any CPU
		Release|Any CPU = Release|Any CPU
	EndGlobalSection
	GlobalSection(ProjectConfigurationPlatforms) = postSolution
		{740EB83E-4399-4AD3-AADC-635A777ACFE2}.Debug|Any CPU.ActiveCfg = Debug|Any CPU
		{740EB83E-4399-4AD3-AADC-635A777ACFE2}.Debug|Any CPU.Build.0 = Debug|Any CPU
		{740EB83E-4399-4AD3-AADC-635A777ACFE2}.Release|Any CPU.ActiveCfg = Release|Any CPU
		{740EB83E-4399-4AD3-AADC-635A777ACFE2}.Release|Any CPU.Build.0 = Release|Any CPU
	EndGlobalSection
	GlobalSection(SolutionProperties) = preSolution
		HideSolutionNode = FALSE
	EndGlobalSection
	GlobalSection(ExtensibilityGlobals) = postSolution
		SolutionGuid = {EF2444EB-85BA-40AC-85F6-FC0A0E179F04}
	EndGlobalSection
EndGlobal
